{
    "name": "Dialog 对话框（fui-dialog）",
    "version": "v1.0.0",
    "lockfileVersion": 2,
    "requires": true,
    "packages": {
        "": {
            "name": "Dialog 对话框（fui-dialog）",
            "version": "v1.0.0",
            "dependencies": {
                "dateformat": "^5.0.3",
                "uqrcodejs": "^4.0.7"
            }
        },
        "node_modules/dateformat": {
            "version": "5.0.3",
            "resolved": "https://registry.npmmirror.com/dateformat/-/dateformat-5.0.3.tgz",
            "integrity": "sha512-Kvr6HmPXUMerlLcLF+Pwq3K7apHpYmGDVqrxcDasBg86UcKeTSNWbEzU8bwdXnxnR44FtMhJAxI4Bov6Y/KUfA==",
            "engines": {
                "node": ">=12.20"
            }
        },
        "node_modules/uqrcodejs": {
            "version": "4.0.7",
            "resolved": "https://registry.npmmirror.com/uqrcodejs/-/uqrcodejs-4.0.7.tgz",
            "integrity": "sha512-84+aZmD2godCVI+93lxE3YUAPNY8zAJvNA7xRS7R7U+q57KzMDepBSfNCwoRUhWOfR6eHFoAOcHRPwsP6ka1cA=="
        }
    },
    "dependencies": {
        "dateformat": {
            "version": "5.0.3",
            "resolved": "https://registry.npmmirror.com/dateformat/-/dateformat-5.0.3.tgz",
            "integrity": "sha512-Kvr6HmPXUMerlLcLF+Pwq3K7apHpYmGDVqrxcDasBg86UcKeTSNWbEzU8bwdXnxnR44FtMhJAxI4Bov6Y/KUfA=="
        },
        "uqrcodejs": {
            "version": "4.0.7",
            "resolved": "https://registry.npmmirror.com/uqrcodejs/-/uqrcodejs-4.0.7.tgz",
            "integrity": "sha512-84+aZmD2godCVI+93lxE3YUAPNY8zAJvNA7xRS7R7U+q57KzMDepBSfNCwoRUhWOfR6eHFoAOcHRPwsP6ka1cA=="
        }
    }
}
